
Microsoft Visual Studio Solution File, Format Version 12.00
# Visual Studio 15
VisualStudioVersion = 15.0.26730.16
MinimumVisualStudioVersion = 10.0.40219.1
Project("{9A19103F-16F7-4668-BE54-9A1E7A4F7556}") = "IntelliMood.Web", "IntelliMood.Web\IntelliMood.Web.csproj", "{997348B1-31C1-4753-B218-0741370BE795}"
EndProject
Project("{9A19103F-16F7-4668-BE54-9A1E7A4F7556}") = "IntelliMood.Data", "IntelliMood.Data\IntelliMood.Data.csproj", "{976F8F9C-3B6F-4992-AC34-5F6B6FF602BC}"
EndProject
Project("{FAE04EC0-301F-11D3-BF4B-00C04F79EFBC}") = "IntelliMood.Services", "IntelliMood.Services\IntelliMood.Services.csproj", "{35A24CCF-3DE3-405F-841E-2BF06C6668F9}"
EndProject
Global
	GlobalSection(SolutionConfigurationPlatforms) = preSolution
		Debug|Any CPU = Debug|Any CPU
		Release|Any CPU = Release|Any CPU
	EndGlobalSection
	GlobalSection(ProjectConfigurationPlatforms) = postSolution
		{997348B1-31C1-4753-B218-0741370BE795}.Debug|Any CPU.ActiveCfg = Debug|Any CPU
		{997348B1-31C1-4753-B218-0741370BE795}.Debug|Any CPU.Build.0 = Debug|Any CPU
		{997348B1-31C1-4753-B218-0741370BE795}.Release|Any CPU.ActiveCfg = Release|Any CPU
		{997348B1-31C1-4753-B218-0741370BE795}.Release|Any CPU.Build.0 = Release|Any CPU
		{976F8F9C-3B6F-4992-AC34-5F6B6FF602BC}.Debug|Any CPU.ActiveCfg = Debug|Any CPU
		{976F8F9C-3B6F-4992-AC34-5F6B6FF602BC}.Debug|Any CPU.Build.0 = Debug|Any CPU
		{976F8F9C-3B6F-4992-AC34-5F6B6FF602BC}.Release|Any CPU.ActiveCfg = Release|Any CPU
		{976F8F9C-3B6F-4992-AC34-5F6B6FF602BC}.Release|Any CPU.Build.0 = Release|Any CPU
		{35A24CCF-3DE3-405F-841E-2BF06C6668F9}.Debug|Any CPU.ActiveCfg = Debug|Any CPU
		{35A24CCF-3DE3-405F-841E-2BF06C6668F9}.Debug|Any CPU.Build.0 = Debug|Any CPU
		{35A24CCF-3DE3-405F-841E-2BF06C6668F9}.Release|Any CPU.ActiveCfg = Release|Any CPU
		{35A24CCF-3DE3-405F-841E-2BF06C6668F9}.Release|Any CPU.Build.0 = Release|Any CPU
	EndGlobalSection
	GlobalSection(SolutionProperties) = preSolution
		HideSolutionNode = FALSE
	EndGlobalSection
	GlobalSection(ExtensibilityGlobals) = postSolution
		SolutionGuid = {ABB3E225-ACFB-4966-89F5-4F75566F3B0E}
	EndGlobalSection
EndGlobal
